
Microsoft Visual Studio Solution File, Format Version 12.00
# Visual Studio Version 16
VisualStudioVersion = 16.0.34301.259
MinimumVisualStudioVersion = 10.0.40219.1
Project("{FAE04EC0-301F-11D3-BF4B-00C04F79EFBC}") = "BTH7", "BTH7\BTH7.csproj", "{00FA5C0C-7D23-4876-8D26-7E34ECCD0186}"
EndProject
Global
	GlobalSection(SolutionConfigurationPlatforms) = preSolution
		Debug|Any CPU = Debug|Any CPU
		Release|Any CPU = Release|Any CPU
	EndGlobalSection
	GlobalSection(ProjectConfigurationPlatforms) = postSolution
		{00FA5C0C-7D23-4876-8D26-7E34ECCD0186}.Debug|Any CPU.ActiveCfg = Debug|Any CPU
		{00FA5C0C-7D23-4876-8D26-7E34ECCD0186}.Debug|Any CPU.Build.0 = Debug|Any CPU
		{00FA5C0C-7D23-4876-8D26-7E34ECCD0186}.Release|Any CPU.ActiveCfg = Release|Any CPU
		{00FA5C0C-7D23-4876-8D26-7E34ECCD0186}.Release|Any CPU.Build.0 = Release|Any CPU
	EndGlobalSection
	GlobalSection(SolutionProperties) = preSolution
		HideSolutionNode = FALSE
	EndGlobalSection
	GlobalSection(ExtensibilityGlobals) = postSolution
		SolutionGuid = {F87B95B2-BC25-4BE1-B6AB-A54197C6F930}
	EndGlobalSection
EndGlobal
