
Microsoft Visual Studio Solution File, Format Version 12.00
# Visual Studio Version 16
VisualStudioVersion = 16.0.34301.259
MinimumVisualStudioVersion = 10.0.40219.1
Project("{FAE04EC0-301F-11D3-BF4B-00C04F79EFBC}") = "LTĐT1", "LTĐT1\LTĐT1.csproj", "{D0DB14B8-06B0-41E9-AE9C-28F6E7A140EC}"
EndProject
Global
	GlobalSection(SolutionConfigurationPlatforms) = preSolution
		Debug|Any CPU = Debug|Any CPU
		Release|Any CPU = Release|Any CPU
	EndGlobalSection
	GlobalSection(ProjectConfigurationPlatforms) = postSolution
		{D0DB14B8-06B0-41E9-AE9C-28F6E7A140EC}.Debug|Any CPU.ActiveCfg = Debug|Any CPU
		{D0DB14B8-06B0-41E9-AE9C-28F6E7A140EC}.Debug|Any CPU.Build.0 = Debug|Any CPU
		{D0DB14B8-06B0-41E9-AE9C-28F6E7A140EC}.Release|Any CPU.ActiveCfg = Release|Any CPU
		{D0DB14B8-06B0-41E9-AE9C-28F6E7A140EC}.Release|Any CPU.Build.0 = Release|Any CPU
	EndGlobalSection
	GlobalSection(SolutionProperties) = preSolution
		HideSolutionNode = FALSE
	EndGlobalSection
	GlobalSection(ExtensibilityGlobals) = postSolution
		SolutionGuid = {D1CE4861-989C-40EA-B646-6822755C3677}
	EndGlobalSection
EndGlobal
