
Microsoft Visual Studio Solution File, Format Version 12.00
# Visual Studio Version 16
VisualStudioVersion = 16.0.32929.386
MinimumVisualStudioVersion = 10.0.40219.1
Project("{FAE04EC0-301F-11D3-BF4B-00C04F79EFBC}") = "Buoi09", "Buoi09\Buoi09.csproj", "{6AA7524A-5964-49F1-96F2-873C05BE2B42}"
EndProject
Global
	GlobalSection(SolutionConfigurationPlatforms) = preSolution
		Debug|Any CPU = Debug|Any CPU
		Release|Any CPU = Release|Any CPU
	EndGlobalSection
	GlobalSection(ProjectConfigurationPlatforms) = postSolution
		{6AA7524A-5964-49F1-96F2-873C05BE2B42}.Debug|Any CPU.ActiveCfg = Debug|Any CPU
		{6AA7524A-5964-49F1-96F2-873C05BE2B42}.Debug|Any CPU.Build.0 = Debug|Any CPU
		{6AA7524A-5964-49F1-96F2-873C05BE2B42}.Release|Any CPU.ActiveCfg = Release|Any CPU
		{6AA7524A-5964-49F1-96F2-873C05BE2B42}.Release|Any CPU.Build.0 = Release|Any CPU
	EndGlobalSection
	GlobalSection(SolutionProperties) = preSolution
		HideSolutionNode = FALSE
	EndGlobalSection
	GlobalSection(ExtensibilityGlobals) = postSolution
		SolutionGuid = {CF4C8380-C00D-4F90-BA63-F11C30DC5BAF}
	EndGlobalSection
EndGlobal
